{
  "R": {
    "Version": "3.4.3",
    "Repositories": [
      {
        "Name": "CRAN",
        "URL": "https://cran.rstudio.com"
      }
    ]
  },
  "Packages": {
    "BH": {
      "Package": "BH",
      "Version": "1.72.0-3",
      "Source": "Repository",
      "Repository": "RSPM",
      "Hash": "8f9ce74c6417d61f0782cbae5fd2b7b0"
    },
    "DBI": {
      "Package": "DBI",
      "Version": "1.1.0",
      "Source": "Repository",
      "Repository": "RSPM",
      "Hash": "4744be45519d675af66c28478720fce5"
    },
    "R6": {
      "Package": "R6",
      "Version": "2.4.1",
      "Source": "Repository",
      "Repository": "RSPM",
      "Hash": "292b54f8f4b94669b08f94e5acce6be2"
    },
    "RSQLite": {
      "Package": "RSQLite",
      "Version": "2.2.0",
      "Source": "Repository",
      "Repository": "RSPM",
      "Hash": "2e813101e637bfd423f763d20350ed3d"
    },
    "Rcpp": {
      "Package": "Rcpp",
      "Version": "1.0.3",
      "Source": "Repository",
      "Repository": "RSPM",
      "Hash": "f3ca785924863b0e4c8cb23b6a5c75a1"
    },
    "RefManageR": {
      "Package": "RefManageR",
      "Version": "1.2.12",
      "Source": "Repository",
      "Repository": "RSPM",
      "Hash": "c741c79676cf3c15d7dcc339aa43c9db"
    },
    "askpass": {
      "Package": "askpass",
      "Version": "1.1",
      "Source": "Repository",
      "Repository": "RSPM",
      "Hash": "e8a22846fff485f0be3770c2da758713"
    },
    "assertthat": {
      "Package": "assertthat",
      "Version": "0.2.1",
      "Source": "Repository",
      "Repository": "RSPM",
      "Hash": "50c838a310445e954bc13f26f26a6ecf"
    },
    "backports": {
      "Package": "backports",
      "Version": "1.1.5",
      "Source": "Repository",
      "Repository": "RSPM",
      "Hash": "e9f705633dc932bfd5b02b17a5053a06"
    },
    "base64enc": {
      "Package": "base64enc",
      "Version": "0.1-3",
      "Source": "Repository",
      "Repository": "RSPM",
      "Hash": "543776ae6848fde2f48ff3816d0628bc"
    },
    "bibtex": {
      "Package": "bibtex",
      "Version": "0.4.2.2",
      "Source": "Repository",
      "Repository": "RSPM",
      "Hash": "8d96f3da9e7ec851e14e39c0872ad1ab"
    },
    "bit": {
      "Package": "bit",
      "Version": "1.1-15.2",
      "Source": "Repository",
      "Repository": "CRAN",
      "Hash": "eb6c52d8cc44463085a4cde1c63df163"
    },
    "bit64": {
      "Package": "bit64",
      "Version": "0.9-7",
      "Source": "Repository",
      "Repository": "RSPM",
      "Hash": "3338d4a9b1352f5a613e2bdcefe784ea"
    },
    "blob": {
      "Package": "blob",
      "Version": "1.2.1",
      "Source": "Repository",
      "Repository": "RSPM",
      "Hash": "9addc7e2c5954eca5719928131fed98c"
    },
    "callr": {
      "Package": "callr",
      "Version": "3.4.1",
      "Source": "Repository",
      "Repository": "RSPM",
      "Hash": "f3c7c37950ae9a772b3676e4c172f978"
    },
    "cli": {
      "Package": "cli",
      "Version": "2.0.2",
      "Source": "Repository",
      "Repository": "CRAN",
      "Hash": "ff0becff7bfdfe3f75d29aff8f3172dd"
    },
    "clisymbols": {
      "Package": "clisymbols",
      "Version": "1.2.0",
      "Source": "Repository",
      "Repository": "RSPM",
      "Hash": "96c01552bfd5661b9bbdefbc762f4bcd"
    },
    "covr": {
      "Package": "covr",
      "Version": "3.3.1",
      "Source": "Repository",
      "Repository": "RSPM",
      "Hash": "642d3141bd745ae64aa92e613e338ee1"
    },
    "crancache": {
      "Package": "crancache",
      "Version": "0.0.0.9001",
      "Source": "GitHub",
      "RemoteType": "github",
      "RemoteHost": "api.github.com",
      "RemoteRepo": "crancache",
      "RemoteUsername": "r-lib",
      "RemoteRef": "master",
      "RemoteSha": "936fa23dceada9b59b0184bbcd8aab1f286f8def",
      "Hash": "a5e54fda7e8dd6ca55a8644702e386de"
    },
    "cranlike": {
      "Package": "cranlike",
      "Version": "1.0.2",
      "Source": "Repository",
      "Repository": "RSPM",
      "Hash": "2a531c8d1d45799fe2e880708dfc1097"
    },
    "crayon": {
      "Package": "crayon",
      "Version": "1.3.4",
      "Source": "Repository",
      "Repository": "RSPM",
      "Hash": "0d57bc8e27b7ba9e45dba825ebc0de6b"
    },
    "curl": {
      "Package": "curl",
      "Version": "4.3",
      "Source": "Repository",
      "Repository": "RSPM",
      "Hash": "2b7d10581cc730804e9ed178c8374bd6"
    },
    "debugme": {
      "Package": "debugme",
      "Version": "1.1.0.9001",
      "Source": "GitHub",
      "RemoteType": "github",
      "RemoteHost": "https://api.github.com",
      "RemoteRepo": "debugme",
      "RemoteUsername": "gaborcsardi",
      "RemoteRef": "master",
      "RemoteSha": "cf0e8e7d2ec0b0c6725d29f9d638ca3a93de892e",
      "Hash": "5fa56b1474663254a3912cf51b109f34"
    },
    "desc": {
      "Package": "desc",
      "Version": "1.2.0",
      "Source": "Repository",
      "Repository": "RSPM",
      "Hash": "6c8fe8fa26a23b79949375d372c7b395"
    },
    "digest": {
      "Package": "digest",
      "Version": "0.6.25",
      "Source": "Repository",
      "Repository": "CRAN",
      "Hash": "f697db7d92b7028c4b3436e9603fb636"
    },
    "ellipsis": {
      "Package": "ellipsis",
      "Version": "0.3.0",
      "Source": "Repository",
      "Repository": "RSPM",
      "Hash": "7067d90c1c780bfe80c0d497e3d7b49d"
    },
    "evaluate": {
      "Package": "evaluate",
      "Version": "0.14",
      "Source": "Repository",
      "Repository": "RSPM",
      "Hash": "ec8ca05cffcc70569eaaad8469d2a3a7"
    },
    "fansi": {
      "Package": "fansi",
      "Version": "0.4.1",
      "Source": "Repository",
      "Repository": "RSPM",
      "Hash": "7fce217eaaf8016e72065e85c73027b5"
    },
    "fs": {
      "Package": "fs",
      "Version": "1.3.1",
      "Source": "Repository",
      "Repository": "RSPM",
      "Hash": "0e26be4558dbbc713d7cfe4a4c361f38"
    },
    "gargle": {
      "Package": "gargle",
      "Version": "0.4.0",
      "Source": "Repository",
      "Repository": "RSPM",
      "Hash": "ab9069f61d4ee95eb78944655a687045"
    },
    "glue": {
      "Package": "glue",
      "Version": "1.3.2",
      "Source": "GitHub",
      "RemoteType": "github",
      "RemoteHost": "api.github.com",
      "RemoteRepo": "glue",
      "RemoteUsername": "tidyverse",
      "RemoteRef": "master",
      "RemoteSha": "0cbbb17f7d6419b5a97a491e064f1b5729d85528",
      "Hash": "04d204e0238517fd88e757643a984196"
    },
    "gmailr": {
      "Package": "gmailr",
      "Version": "1.0.0",
      "Source": "Repository",
      "Repository": "RSPM",
      "Hash": "e717784f7de215d2e40d11b1cb3e0e73"
    },
    "highr": {
      "Package": "highr",
      "Version": "0.8",
      "Source": "Repository",
      "Repository": "RSPM",
      "Hash": "4dc5bb88961e347a0f4d8aad597cbfac"
    },
    "hms": {
      "Package": "hms",
      "Version": "0.5.3",
      "Source": "Repository",
      "Repository": "RSPM",
      "Hash": "726671f634529d470545f9fd1a9d1869"
    },
    "htmltools": {
      "Package": "htmltools",
      "Version": "0.3.6",
      "Source": "Repository",
      "Repository": "RSPM",
      "Hash": "74aa264d2e3b6214529cd33a5850a07f"
    },
    "httr": {
      "Package": "httr",
      "Version": "1.4.1",
      "Source": "Repository",
      "Repository": "RSPM",
      "Hash": "7146fea4685b4252ebf478978c75f597"
    },
    "jsonlite": {
      "Package": "jsonlite",
      "Version": "1.6",
      "Source": "Repository",
      "Repository": "RSPM",
      "Hash": "bc5739654d032acf531356e32e0d0f54"
    },
    "knitr": {
      "Package": "knitr",
      "Version": "1.27",
      "Source": "Repository",
      "Repository": "RSPM",
      "Hash": "0eaaccb0946bf5ee33e2762882a4ae07"
    },
    "lazyeval": {
      "Package": "lazyeval",
      "Version": "0.2.2",
      "Source": "Repository",
      "Repository": "RSPM",
      "Hash": "d908914ae53b04d4c0c0fd72ecc35370"
    },
    "lifecycle": {
      "Package": "lifecycle",
      "Version": "0.2.0",
      "Source": "Repository",
      "Repository": "CRAN",
      "Hash": "361811f31f71f8a617a9a68bf63f1f42"
    },
    "lubridate": {
      "Package": "lubridate",
      "Version": "1.7.4",
      "Source": "Repository",
      "Repository": "RSPM",
      "Hash": "796afeea047cda6bdb308d374a33eeb6"
    },
    "magrittr": {
      "Package": "magrittr",
      "Version": "1.5",
      "Source": "Repository",
      "Repository": "CRAN",
      "Hash": "1bb58822a20301cee84a41678e25d9b7"
    },
    "markdown": {
      "Package": "markdown",
      "Version": "1.1",
      "Source": "Repository",
      "Repository": "RSPM",
      "Hash": "61e4a10781dd00d7d81dd06ca9b94e95"
    },
    "memoise": {
      "Package": "memoise",
      "Version": "1.1.0",
      "Source": "Repository",
      "Repository": "RSPM",
      "Hash": "58baa74e4603fcfb9a94401c58c8f9b1"
    },
    "mime": {
      "Package": "mime",
      "Version": "0.7",
      "Source": "Repository",
      "Repository": "RSPM",
      "Hash": "f085cb5d1548336cafa5ee7ec56d7e34"
    },
    "openssl": {
      "Package": "openssl",
      "Version": "1.4.1",
      "Source": "Repository",
      "Repository": "RSPM",
      "Hash": "49f7258fd86ebeaea1df24d9ded00478"
    },
    "parsedate": {
      "Package": "parsedate",
      "Version": "1.2.0",
      "Source": "Repository",
      "Repository": "RSPM",
      "Hash": "9ab1426429ad716b42088a0fd8e909ee"
    },
    "pillar": {
      "Package": "pillar",
      "Version": "1.4.3",
      "Source": "Repository",
      "Repository": "RSPM",
      "Hash": "fa3ed60396b6998d0427c57dab90fba4"
    },
    "pkgbuild": {
      "Package": "pkgbuild",
      "Version": "1.0.6",
      "Source": "Repository",
      "Repository": "RSPM",
      "Hash": "899835dfe286963471cbdb9591f8f94f"
    },
    "pkgconfig": {
      "Package": "pkgconfig",
      "Version": "2.0.3",
      "Source": "Repository",
      "Repository": "RSPM",
      "Hash": "01f28d4278f15c76cddbea05899c5d6f"
    },
    "pkgload": {
      "Package": "pkgload",
      "Version": "1.0.2",
      "Source": "Repository",
      "Repository": "RSPM",
      "Hash": "5e655fb54cceead0f095f22d7be33da3"
    },
    "plogr": {
      "Package": "plogr",
      "Version": "0.2.0",
      "Source": "Repository",
      "Repository": "RSPM",
      "Hash": "09eb987710984fc2905c7129c7d85e65"
    },
    "plyr": {
      "Package": "plyr",
      "Version": "1.8.5",
      "Source": "Repository",
      "Repository": "RSPM",
      "Hash": "3f1b0dbcc503320e6e7aae6c3ff87eaa"
    },
    "praise": {
      "Package": "praise",
      "Version": "1.0.0",
      "Source": "Repository",
      "Repository": "CRAN",
      "Hash": "a555924add98c99d2f411e37e7d25e9f"
    },
    "prettyunits": {
      "Package": "prettyunits",
      "Version": "1.1.1",
      "Source": "Repository",
      "Repository": "RSPM",
      "Hash": "95ef9167b75dde9d2ccc3c7528393e7e"
    },
    "processx": {
      "Package": "processx",
      "Version": "3.4.1",
      "Source": "Repository",
      "Repository": "RSPM",
      "Hash": "3fcec01e55910997ae663883cc66a989"
    },
    "progress": {
      "Package": "progress",
      "Version": "1.2.2",
      "Source": "Repository",
      "Repository": "RSPM",
      "Hash": "14dc9f7a3c91ebb14ec5bb9208a07061"
    },
    "ps": {
      "Package": "ps",
      "Version": "1.3.0",
      "Source": "Repository",
      "Repository": "RSPM",
      "Hash": "919a32c940a25bc95fd464df9998a6ba"
    },
    "rJava": {
      "Package": "rJava",
      "Version": "0.9-11",
      "Source": "Repository",
      "Repository": "RSPM",
      "Hash": "5fe07fc151fe8fc7de511f6bd8ecbe19"
    },
    "rappdirs": {
      "Package": "rappdirs",
      "Version": "0.3.1",
      "Source": "Repository",
      "Repository": "RSPM",
      "Hash": "8c8298583adbbe76f3c2220eef71bebc"
    },
    "rcmdcheck": {
      "Package": "rcmdcheck",
      "Version": "1.3.3.9000",
      "Source": "GitHub",
      "RemoteType": "github",
      "RemoteHost": "api.github.com",
      "RemoteRepo": "rcmdcheck",
      "RemoteUsername": "r-lib",
      "RemoteRef": "master",
      "RemoteSha": "fa385d58984a957a5c94593fd32593eca6d12ade",
      "Hash": "020bb01eab210438074849a893dc14d7"
    },
    "rematch2": {
      "Package": "rematch2",
      "Version": "2.1.0",
      "Source": "Repository",
      "Repository": "RSPM",
      "Hash": "a8e6ebbd476d2b8f6557ed3fab3b6139"
    },
    "remotes": {
      "Package": "remotes",
      "Version": "2.1.0",
      "Source": "Repository",
      "Repository": "RSPM",
      "Hash": "824a9fab6c4b3f3afd78e9e285d9c365"
    },
    "renv": {
      "Package": "renv",
      "Version": "0.9.3",
      "Source": "Repository",
      "Repository": "CRAN",
      "Hash": "c1a367437d8a8a44bec4b9d4974cb20c"
    },
    "revdepcheck": {
      "Package": "revdepcheck",
      "Version": "1.0.0.9001",
      "Source": "GitHub",
      "Remotes": "r-lib/crancache, r-lib/rcmdcheck",
      "RemoteType": "github",
      "RemoteHost": "api.github.com",
      "RemoteRepo": "revdepcheck",
      "RemoteUsername": "r-lib",
      "RemoteRef": "master",
      "RemoteSha": "e97565d252aec5d680d3bae649efe97860bee68d",
      "Hash": "53ab0e8776c6d6df57c23c84f481b826"
    },
    "rex": {
      "Package": "rex",
      "Version": "1.1.2",
      "Source": "Repository",
      "Repository": "RSPM",
      "Hash": "6d3dbb5d528c8f726861018472bc668c"
    },
    "rlang": {
      "Package": "rlang",
      "Version": "0.4.5.9000",
      "Source": "GitHub",
      "RemoteType": "github",
      "RemoteHost": "api.github.com",
      "RemoteRepo": "rlang",
      "RemoteUsername": "r-lib",
      "RemoteRef": "master",
      "RemoteSha": "3fdbb00a22207c867f81786e0c53c565ab844bfd",
      "Hash": "66fc3f60d2b2c86a3d791a40ac231f57"
    },
    "rmarkdown": {
      "Package": "rmarkdown",
      "Version": "1.18",
      "Source": "Repository",
      "Repository": "RSPM",
      "Hash": "2a1b6baa83112f3c8e1909f3989ea9d9"
    },
    "rprojroot": {
      "Package": "rprojroot",
      "Version": "1.3-2",
      "Source": "Repository",
      "Repository": "RSPM",
      "Hash": "f6a407ae5dd21f6f80a6708bbb6eb3ae"
    },
    "rstudioapi": {
      "Package": "rstudioapi",
      "Version": "0.11",
      "Source": "Repository",
      "Repository": "CRAN",
      "Hash": "33a5b27a03da82ac4b1d43268f80088a"
    },
    "sessioninfo": {
      "Package": "sessioninfo",
      "Version": "1.1.1",
      "Source": "Repository",
      "Repository": "RSPM",
      "Hash": "308013098befe37484df72c39cf90d6e"
    },
    "stringi": {
      "Package": "stringi",
      "Version": "1.4.6",
      "Source": "Repository",
      "Repository": "CRAN",
      "Hash": "e99d8d656980d2dd416a962ae55aec90"
    },
    "stringr": {
      "Package": "stringr",
      "Version": "1.4.0",
      "Source": "Repository",
      "Repository": "RSPM",
      "Hash": "0759e6b6c0957edb1311028a49a35e76"
    },
    "sys": {
      "Package": "sys",
      "Version": "3.3",
      "Source": "Repository",
      "Repository": "RSPM",
      "Hash": "507f3116a38d37ad330a038b3be07b66"
    },
    "testthat": {
      "Package": "testthat",
      "Version": "2.3.1",
      "Source": "Repository",
      "Repository": "RSPM",
      "Hash": "68dad590f6445cdcdaa5b7eec60e9686"
    },
    "tibble": {
      "Package": "tibble",
      "Version": "2.1.3",
      "Source": "Repository",
      "Repository": "RSPM",
      "Hash": "8248ee35d1e15d1e506f05f5a5d46a75"
    },
    "tinytex": {
      "Package": "tinytex",
      "Version": "0.19",
      "Source": "Repository",
      "Repository": "RSPM",
      "Hash": "b1c0c22cab714ec9ce9472a8073b6922"
    },
    "utf8": {
      "Package": "utf8",
      "Version": "1.1.4",
      "Source": "Repository",
      "Repository": "RSPM",
      "Hash": "4a5081acfb7b81a572e4384a7aaf2af1"
    },
    "vctrs": {
      "Package": "vctrs",
      "Version": "0.2.4",
      "Source": "Repository",
      "Repository": "CRAN",
      "Hash": "6c839a149a30cb4ffc70443efa74c197"
    },
    "whoami": {
      "Package": "whoami",
      "Version": "1.3.0",
      "Source": "Repository",
      "Repository": "RSPM",
      "Hash": "ef0f4d9b8f2cc2ebeccae1d725b8a023"
    },
    "withr": {
      "Package": "withr",
      "Version": "2.1.2",
      "Source": "Repository",
      "Repository": "RSPM",
      "Hash": "aa57ed55ff2df4bea697a07df528993d"
    },
    "xfun": {
      "Package": "xfun",
      "Version": "0.12",
      "Source": "Repository",
      "Repository": "RSPM",
      "Hash": "ccd8453a7b9e380628f6cd2862e46cad"
    },
    "xlsxjars": {
      "Package": "xlsxjars",
      "Version": "0.8.0.9000",
      "Source": "GitHub",
      "RemoteType": "github",
      "RemoteHost": "api.github.com",
      "RemoteUsername": "colearendt",
      "RemoteRepo": "xlsxjars",
      "RemoteRef": "bump-poi",
      "RemoteSha": "2da16503593aa3c3ff16c440b673b30ab5ffa228",
      "Hash": "933c167cda2e10eab231aab330edb466"
    },
    "xml2": {
      "Package": "xml2",
      "Version": "1.2.2",
      "Source": "Repository",
      "Repository": "RSPM",
      "Hash": "63ad35854e01d8b59ca18095b5145bb7"
    },
    "xopen": {
      "Package": "xopen",
      "Version": "1.0.0",
      "Source": "Repository",
      "Repository": "RSPM",
      "Hash": "6c85f015dee9cc7710ddd20f86881f58"
    },
    "yaml": {
      "Package": "yaml",
      "Version": "2.2.1",
      "Source": "Repository",
      "Repository": "RSPM",
      "Hash": "2826c5d9efb0a88f657c7a679c7106db"
    }
  }
}
